
Microsoft Visual Studio Solution File, Format Version 12.00
# Visual Studio 14
VisualStudioVersion = 14.0.25420.1
MinimumVisualStudioVersion = 10.0.40219.1
Project("{8BC9CEB8-8B4A-11D0-8D11-00A0C91BC942}") = "EulerLibs", "EulerLibs\EulerLibs.vcxproj", "{07E83760-5592-464F-A13D-51D7B67BAD37}"
EndProject
Project("{8BC9CEB8-8B4A-11D0-8D11-00A0C91BC942}") = "EulerTest", "EulerTest\EulerTest.vcxproj", "{4EEC8D9E-FD9F-40CE-81D7-4158913314EC}"
EndProject
Project("{8BC9CEB8-8B4A-11D0-8D11-00A0C91BC942}") = "EulerMain", "EulerMain\EulerMain.vcxproj", "{D00D4623-773A-49F6-8B4C-BF398515A387}"
EndProject
Global
	GlobalSection(SolutionConfigurationPlatforms) = preSolution
		Debug|x64 = Debug|x64
		Debug|x86 = Debug|x86
		Release|x64 = Release|x64
		Release|x86 = Release|x86
	EndGlobalSection
	GlobalSection(ProjectConfigurationPlatforms) = postSolution
		{07E83760-5592-464F-A13D-51D7B67BAD37}.Debug|x64.ActiveCfg = Debug|x64
		{07E83760-5592-464F-A13D-51D7B67BAD37}.Debug|x64.Build.0 = Debug|x64
		{07E83760-5592-464F-A13D-51D7B67BAD37}.Debug|x86.ActiveCfg = Debug|Win32
		{07E83760-5592-464F-A13D-51D7B67BAD37}.Debug|x86.Build.0 = Debug|Win32
		{07E83760-5592-464F-A13D-51D7B67BAD37}.Release|x64.ActiveCfg = Release|x64
		{07E83760-5592-464F-A13D-51D7B67BAD37}.Release|x64.Build.0 = Release|x64
		{07E83760-5592-464F-A13D-51D7B67BAD37}.Release|x86.ActiveCfg = Release|Win32
		{07E83760-5592-464F-A13D-51D7B67BAD37}.Release|x86.Build.0 = Release|Win32
		{4EEC8D9E-FD9F-40CE-81D7-4158913314EC}.Debug|x64.ActiveCfg = Debug|x64
		{4EEC8D9E-FD9F-40CE-81D7-4158913314EC}.Debug|x64.Build.0 = Debug|x64
		{4EEC8D9E-FD9F-40CE-81D7-4158913314EC}.Debug|x86.ActiveCfg = Debug|Win32
		{4EEC8D9E-FD9F-40CE-81D7-4158913314EC}.Debug|x86.Build.0 = Debug|Win32
		{4EEC8D9E-FD9F-40CE-81D7-4158913314EC}.Release|x64.ActiveCfg = Release|x64
		{4EEC8D9E-FD9F-40CE-81D7-4158913314EC}.Release|x64.Build.0 = Release|x64
		{4EEC8D9E-FD9F-40CE-81D7-4158913314EC}.Release|x86.ActiveCfg = Release|Win32
		{4EEC8D9E-FD9F-40CE-81D7-4158913314EC}.Release|x86.Build.0 = Release|Win32
		{D00D4623-773A-49F6-8B4C-BF398515A387}.Debug|x64.ActiveCfg = Debug|x64
		{D00D4623-773A-49F6-8B4C-BF398515A387}.Debug|x64.Build.0 = Debug|x64
		{D00D4623-773A-49F6-8B4C-BF398515A387}.Debug|x86.ActiveCfg = Debug|Win32
		{D00D4623-773A-49F6-8B4C-BF398515A387}.Debug|x86.Build.0 = Debug|Win32
		{D00D4623-773A-49F6-8B4C-BF398515A387}.Release|x64.ActiveCfg = Release|x64
		{D00D4623-773A-49F6-8B4C-BF398515A387}.Release|x64.Build.0 = Release|x64
		{D00D4623-773A-49F6-8B4C-BF398515A387}.Release|x86.ActiveCfg = Release|Win32
		{D00D4623-773A-49F6-8B4C-BF398515A387}.Release|x86.Build.0 = Release|Win32
	EndGlobalSection
	GlobalSection(SolutionProperties) = preSolution
		HideSolutionNode = FALSE
	EndGlobalSection
EndGlobal
