<?xml version="1.0" encoding="utf-8"?>
<Project ToolsVersion="4.0" xmlns="http://schemas.microsoft.com/developer/msbuild/2003">
  <ItemGroup>
    <Filter Include="Source Files">
      <UniqueIdentifier>{4FC737F1-C7A5-4376-A066-2A32D752A2FF}</UniqueIdentifier>
      <Extensions>cpp;c;cc;cxx;def;odl;idl;hpj;bat;asm;asmx</Extensions>
    </Filter>
    <Filter Include="Header Files">
      <UniqueIdentifier>{93995380-89BD-4b04-88EB-625FBE52EBFB}</UniqueIdentifier>
      <Extensions>h;hh;hpp;hxx;hm;inl;inc;xsd</Extensions>
    </Filter>
  </ItemGroup>
  <ItemGroup>
    <ClCompile Include="Libs\BigInteger.cpp">
      <Filter>Source Files</Filter>
    </ClCompile>
    <ClCompile Include="Libs\DivisorFunction.cpp">
      <Filter>Source Files</Filter>
    </ClCompile>
    <ClCompile Include="Libs\EratosthenesSieve.cpp">
      <Filter>Source Files</Filter>
    </ClCompile>
    <ClCompile Include="Libs\EulerMath.cpp">
      <Filter>Source Files</Filter>
    </ClCompile>
    <ClCompile Include="Libs\EulerUtils.cpp">
      <Filter>Source Files</Filter>
    </ClCompile>
    <ClCompile Include="Libs\LexicographicPermutation.cpp">
      <Filter>Source Files</Filter>
    </ClCompile>
    <ClCompile Include="Libs\ModularArith.cpp">
      <Filter>Source Files</Filter>
    </ClCompile>
    <ClCompile Include="Libs\PrimeCounter.cpp">
      <Filter>Source Files</Filter>
    </ClCompile>
    <ClCompile Include="Libs\PrimeFactorizer.cpp">
      <Filter>Source Files</Filter>
    </ClCompile>
  </ItemGroup>
  <ItemGroup>
    <ClInclude Include="Libs\BigInteger.h">
      <Filter>Header Files</Filter>
    </ClInclude>
    <ClInclude Include="Libs\DivisorFunction.h">
      <Filter>Header Files</Filter>
    </ClInclude>
    <ClInclude Include="Libs\EratosthenesSieve.h">
      <Filter>Header Files</Filter>
    </ClInclude>
    <ClInclude Include="Libs\Euler.h">
      <Filter>Header Files</Filter>
    </ClInclude>
    <ClInclude Include="Libs\EulerMath.h">
      <Filter>Header Files</Filter>
    </ClInclude>
    <ClInclude Include="Libs\EulerUtils.h">
      <Filter>Header Files</Filter>
    </ClInclude>
    <ClInclude Include="Libs\FibonacciSequence.h">
      <Filter>Header Files</Filter>
    </ClInclude>
    <ClInclude Include="Libs\LexicographicPermutation.h">
      <Filter>Header Files</Filter>
    </ClInclude>
    <ClInclude Include="Libs\ModularArith.h">
      <Filter>Header Files</Filter>
    </ClInclude>
    <ClInclude Include="Libs\PrimeCounter.h">
      <Filter>Header Files</Filter>
    </ClInclude>
    <ClInclude Include="Libs\PrimeFactorizer.h">
      <Filter>Header Files</Filter>
    </ClInclude>
    <ClInclude Include="Libs\PrimeSieve.h">
      <Filter>Header Files</Filter>
    </ClInclude>
    <ClInclude Include="Libs\Timer.h">
      <Filter>Header Files</Filter>
    </ClInclude>
  </ItemGroup>
</Project>